
Microsoft Visual Studio Solution File, Format Version 12.00
# Visual Studio Version 17
VisualStudioVersion = 17.4.33110.190
MinimumVisualStudioVersion = 10.0.40219.1
Project("{8BC9CEB8-8B4A-11D0-8D11-00A0C91BC942}") = "StringHW", "StringHW.vcxproj", "{5F23920B-1A68-4368-9FEE-5AC9EC72386C}"
EndProject
Global
	GlobalSection(SolutionConfigurationPlatforms) = preSolution
		Debug|x64 = Debug|x64
		Debug|x86 = Debug|x86
		Release|x64 = Release|x64
		Release|x86 = Release|x86
	EndGlobalSection
	GlobalSection(ProjectConfigurationPlatforms) = postSolution
		{5F23920B-1A68-4368-9FEE-5AC9EC72386C}.Debug|x64.ActiveCfg = Debug|x64
		{5F23920B-1A68-4368-9FEE-5AC9EC72386C}.Debug|x64.Build.0 = Debug|x64
		{5F23920B-1A68-4368-9FEE-5AC9EC72386C}.Debug|x86.ActiveCfg = Debug|Win32
		{5F23920B-1A68-4368-9FEE-5AC9EC72386C}.Debug|x86.Build.0 = Debug|Win32
		{5F23920B-1A68-4368-9FEE-5AC9EC72386C}.Release|x64.ActiveCfg = Release|x64
		{5F23920B-1A68-4368-9FEE-5AC9EC72386C}.Release|x64.Build.0 = Release|x64
		{5F23920B-1A68-4368-9FEE-5AC9EC72386C}.Release|x86.ActiveCfg = Release|Win32
		{5F23920B-1A68-4368-9FEE-5AC9EC72386C}.Release|x86.Build.0 = Release|Win32
	EndGlobalSection
	GlobalSection(SolutionProperties) = preSolution
		HideSolutionNode = FALSE
	EndGlobalSection
	GlobalSection(ExtensibilityGlobals) = postSolution
		SolutionGuid = {4B1C4684-0F3D-4FE9-A6C5-D20482C0DEC2}
	EndGlobalSection
EndGlobal
